// !$*UTF8*$!
{
	archiveVersion = 1;
	classes = {
	};
	objectVersion = 46;
	objects = {

/* Begin PBXBuildFile section */
		AFF756C018413ED50095C4A9 /* Foundation.framework in Frameworks */ = {isa = PBXBuildFile; fileRef = AFF756BF18413ED50095C4A9 /* Foundation.framework */; };
		AFF756C218413ED50095C4A9 /* CoreGraphics.framework in Frameworks */ = {isa = PBXBuildFile; fileRef = AFF756C118413ED50095C4A9 /* CoreGraphics.framework */; };
		AFF756C418413ED50095C4A9 /* UIKit.framework in Frameworks */ = {isa = PBXBuildFile; fileRef = AFF756C318413ED50095C4A9 /* UIKit.framework */; };
		AFF756CA18413ED50095C4A9 /* InfoPlist.strings in Resources */ = {isa = PBXBuildFile; fileRef = AFF756C818413ED50095C4A9 /* InfoPlist.strings */; };
		AFF756CC18413ED50095C4A9 /* main.m in Sources */ = {isa = PBXBuildFile; fileRef = AFF756CB18413ED50095C4A9 /* main.m */; };
		AFF756D018413ED50095C4A9 /* AppDelegate.m in Sources */ = {isa = PBXBuildFile; fileRef = AFF756CF18413ED50095C4A9 /* AppDelegate.m */; };
		AFF756D318413ED50095C4A9 /* Main.storyboard in Resources */ = {isa = PBXBuildFile; fileRef = AFF756D118413ED50095C4A9 /* Main.storyboard */; };
		AFF756D618413ED50095C4A9 /* ViewController.m in Sources */ = {isa = PBXBuildFile; fileRef = AFF756D518413ED50095C4A9 /* ViewController.m */; };
		AFF756D818413ED50095C4A9 /* Images.xcassets in Resources */ = {isa = PBXBuildFile; fileRef = AFF756D718413ED50095C4A9 /* Images.xcassets */; };
		AFF756DF18413ED50095C4A9 /* XCTest.framework in Frameworks */ = {isa = PBXBuildFile; fileRef = AFF756DE18413ED50095C4A9 /* XCTest.framework */; };
		AFF756E018413ED50095C4A9 /* Foundation.framework in Frameworks */ = {isa = PBXBuildFile; fileRef = AFF756BF18413ED50095C4A9 /* Foundation.framework */; };
		AFF756E118413ED50095C4A9 /* UIKit.framework in Frameworks */ = {isa = PBXBuildFile; fileRef = AFF756C318413ED50095C4A9 /* UIKit.framework */; };
		AFF756E918413ED50095C4A9 /* InfoPlist.strings in Resources */ = {isa = PBXBuildFile; fileRef = AFF756E718413ED50095C4A9 /* InfoPlist.strings */; };
		AFF756EB18413ED50095C4A9 /* RLKnobDemoTests.m in Sources */ = {isa = PBXBuildFile; fileRef = AFF756EA18413ED50095C4A9 /* RLKnobDemoTests.m */; };
/* End PBXBuildFile section */

/* Begin PBXContainerItemProxy section */
		AFF756E218413ED50095C4A9 /* PBXContainerItemProxy */ = {
			isa = PBXContainerItemProxy;
			containerPortal = AFF756B418413ED50095C4A9 /* Project object */;
			proxyType = 1;
			remoteGlobalIDString = AFF756BB18413ED50095C4A9;
			remoteInfo = RLKnobDemo;
		};
/* End PBXContainerItemProxy section */

/* Begin PBXFileReference section */
		AFF756BC18413ED50095C4A9 /* RLKnobDemo.app */ = {isa = PBXFileReference; explicitFileType = wrapper.application; includeInIndex = 0; path = RLKnobDemo.app; sourceTree = BUILT_PRODUCTS_DIR; };
		AFF756BF18413ED50095C4A9 /* Foundation.framework */ = {isa = PBXFileReference; lastKnownFileType = wrapper.framework; name = Foundation.framework; path = System/Library/Frameworks/Foundation.framework; sourceTree = SDKROOT; };
		AFF756C118413ED50095C4A9 /* CoreGraphics.framework */ = {isa = PBXFileReference; lastKnownFileType = wrapper.framework; name = CoreGraphics.framework; path = System/Library/Frameworks/CoreGraphics.framework; sourceTree = SDKROOT; };
		AFF756C318413ED50095C4A9 /* UIKit.framework */ = {isa = PBXFileReference; lastKnownFileType = wrapper.framework; name = UIKit.framework; path = System/Library/Frameworks/UIKit.framework; sourceTree = SDKROOT; };
		AFF756C718413ED50095C4A9 /* RLKnobDemo-Info.plist */ = {isa = PBXFileReference; lastKnownFileType = text.plist.xml; path = "RLKnobDemo-Info.plist"; sourceTree = "<group>"; };
		AFF756C918413ED50095C4A9 /* en */ = {isa = PBXFileReference; lastKnownFileType = text.plist.strings; name = en; path = en.lproj/InfoPlist.strings; sourceTree = "<group>"; };
		AFF756CB18413ED50095C4A9 /* main.m */ = {isa = PBXFileReference; lastKnownFileType = sourcecode.c.objc; path = main.m; sourceTree = "<group>"; };
		AFF756CD18413ED50095C4A9 /* RLKnobDemo-Prefix.pch */ = {isa = PBXFileReference; lastKnownFileType = sourcecode.c.h; path = "RLKnobDemo-Prefix.pch"; sourceTree = "<group>"; };
		AFF756CE18413ED50095C4A9 /* AppDelegate.h */ = {isa = PBXFileReference; lastKnownFileType = sourcecode.c.h; path = AppDelegate.h; sourceTree = "<group>"; };
		AFF756CF18413ED50095C4A9 /* AppDelegate.m */ = {isa = PBXFileReference; lastKnownFileType = sourcecode.c.objc; path = AppDelegate.m; sourceTree = "<group>"; };
		AFF756D218413ED50095C4A9 /* Base */ = {isa = PBXFileReference; lastKnownFileType = file.storyboard; name = Base; path = Base.lproj/Main.storyboard; sourceTree = "<group>"; };
		AFF756D418413ED50095C4A9 /* ViewController.h */ = {isa = PBXFileReference; lastKnownFileType = sourcecode.c.h; path = ViewController.h; sourceTree = "<group>"; };
		AFF756D518413ED50095C4A9 /* ViewController.m */ = {isa = PBXFileReference; lastKnownFileType = sourcecode.c.objc; path = ViewController.m; sourceTree = "<group>"; };
		AFF756D718413ED50095C4A9 /* Images.xcassets */ = {isa = PBXFileReference; lastKnownFileType = folder.assetcatalog; path = Images.xcassets; sourceTree = "<group>"; };
		AFF756DD18413ED50095C4A9 /* RLKnobDemoTests.xctest */ = {isa = PBXFileReference; explicitFileType = wrapper.cfbundle; includeInIndex = 0; path = RLKnobDemoTests.xctest; sourceTree = BUILT_PRODUCTS_DIR; };
		AFF756DE18413ED50095C4A9 /* XCTest.framework */ = {isa = PBXFileReference; lastKnownFileType = wrapper.framework; name = XCTest.framework; path = Library/Frameworks/XCTest.framework; sourceTree = DEVELOPER_DIR; };
		AFF756E618413ED50095C4A9 /* RLKnobDemoTests-Info.plist */ = {isa = PBXFileReference; lastKnownFileType = text.plist.xml; path = "RLKnobDemoTests-Info.plist"; sourceTree = "<group>"; };
		AFF756E818413ED50095C4A9 /* en */ = {isa = PBXFileReference; lastKnownFileType = text.plist.strings; name = en; path = en.lproj/InfoPlist.strings; sourceTree = "<group>"; };
		AFF756EA18413ED50095C4A9 /* RLKnobDemoTests.m */ = {isa = PBXFileReference; lastKnownFileType = sourcecode.c.objc; path = RLKnobDemoTests.m; sourceTree = "<group>"; };
/* End PBXFileReference section */

/* Begin PBXFrameworksBuildPhase section */
		AFF756B918413ED50095C4A9 /* Frameworks */ = {
			isa = PBXFrameworksBuildPhase;
			buildActionMask = 2147483647;
			files = (
				AFF756C218413ED50095C4A9 /* CoreGraphics.framework in Frameworks */,
				AFF756C418413ED50095C4A9 /* UIKit.framework in Frameworks */,
				AFF756C018413ED50095C4A9 /* Foundation.framework in Frameworks */,
			);
			runOnlyForDeploymentPostprocessing = 0;
		};
		AFF756DA18413ED50095C4A9 /* Frameworks */ = {
			isa = PBXFrameworksBuildPhase;
			buildActionMask = 2147483647;
			files = (
				AFF756DF18413ED50095C4A9 /* XCTest.framework in Frameworks */,
				AFF756E118413ED50095C4A9 /* UIKit.framework in Frameworks */,
				AFF756E018413ED50095C4A9 /* Foundation.framework in Frameworks */,
			);
			runOnlyForDeploymentPostprocessing = 0;
		};
/* End PBXFrameworksBuildPhase section */

/* Begin PBXGroup section */
		AFF756B318413ED50095C4A9 = {
			isa = PBXGroup;
			children = (
				AFF756C518413ED50095C4A9 /* RLKnobDemo */,
				AFF756E418413ED50095C4A9 /* RLKnobDemoTests */,
				AFF756BE18413ED50095C4A9 /* Frameworks */,
				AFF756BD18413ED50095C4A9 /* Products */,
			);
			sourceTree = "<group>";
		};
		AFF756BD18413ED50095C4A9 /* Products */ = {
			isa = PBXGroup;
			children = (
				AFF756BC18413ED50095C4A9 /* RLKnobDemo.app */,
				AFF756DD18413ED50095C4A9 /* RLKnobDemoTests.xctest */,
			);
			name = Products;
			sourceTree = "<group>";
		};
		AFF756BE18413ED50095C4A9 /* Frameworks */ = {
			isa = PBXGroup;
			children = (
				AFF756BF18413ED50095C4A9 /* Foundation.framework */,
				AFF756C118413ED50095C4A9 /* CoreGraphics.framework */,
				AFF756C318413ED50095C4A9 /* UIKit.framework */,
				AFF756DE18413ED50095C4A9 /* XCTest.framework */,
			);
			name = Frameworks;
			sourceTree = "<group>";
		};
		AFF756C518413ED50095C4A9 /* RLKnobDemo */ = {
			isa = PBXGroup;
			children = (
				AFF756CE18413ED50095C4A9 /* AppDelegate.h */,
				AFF756CF18413ED50095C4A9 /* AppDelegate.m */,
				AFF756D118413ED50095C4A9 /* Main.storyboard */,
				AFF756D418413ED50095C4A9 /* ViewController.h */,
				AFF756D518413ED50095C4A9 /* ViewController.m */,
				AFF756D718413ED50095C4A9 /* Images.xcassets */,
				AFF756C618413ED50095C4A9 /* Supporting Files */,
			);
			path = RLKnobDemo;
			sourceTree = "<group>";
		};
		AFF756C618413ED50095C4A9 /* Supporting Files */ = {
			isa = PBXGroup;
			children = (
				AFF756C718413ED50095C4A9 /* RLKnobDemo-Info.plist */,
				AFF756C818413ED50095C4A9 /* InfoPlist.strings */,
				AFF756CB18413ED50095C4A9 /* main.m */,
				AFF756CD18413ED50095C4A9 /* RLKnobDemo-Prefix.pch */,
			);
			name = "Supporting Files";
			sourceTree = "<group>";
		};
		AFF756E418413ED50095C4A9 /* RLKnobDemoTests */ = {
			isa = PBXGroup;
			children = (
				AFF756EA18413ED50095C4A9 /* RLKnobDemoTests.m */,
				AFF756E518413ED50095C4A9 /* Supporting Files */,
			);
			path = RLKnobDemoTests;
			sourceTree = "<group>";
		};
		AFF756E518413ED50095C4A9 /* Supporting Files */ = {
			isa = PBXGroup;
			children = (
				AFF756E618413ED50095C4A9 /* RLKnobDemoTests-Info.plist */,
				AFF756E718413ED50095C4A9 /* InfoPlist.strings */,
			);
			name = "Supporting Files";
			sourceTree = "<group>";
		};
/* End PBXGroup section */

/* Begin PBXNativeTarget section */
		AFF756BB18413ED50095C4A9 /* RLKnobDemo */ = {
			isa = PBXNativeTarget;
			buildConfigurationList = AFF756EE18413ED50095C4A9 /* Build configuration list for PBXNativeTarget "RLKnobDemo" */;
			buildPhases = (
				AFF756B818413ED50095C4A9 /* Sources */,
				AFF756B918413ED50095C4A9 /* Frameworks */,
				AFF756BA18413ED50095C4A9 /* Resources */,
			);
			buildRules = (
			);
			dependencies = (
			);
			name = RLKnobDemo;
			productName = RLKnobDemo;
			productReference = AFF756BC18413ED50095C4A9 /* RLKnobDemo.app */;
			productType = "com.apple.product-type.application";
		};
		AFF756DC18413ED50095C4A9 /* RLKnobDemoTests */ = {
			isa = PBXNativeTarget;
			buildConfigurationList = AFF756F118413ED50095C4A9 /* Build configuration list for PBXNativeTarget "RLKnobDemoTests" */;
			buildPhases = (
				AFF756D918413ED50095C4A9 /* Sources */,
				AFF756DA18413ED50095C4A9 /* Frameworks */,
				AFF756DB18413ED50095C4A9 /* Resources */,
			);
			buildRules = (
			);
			dependencies = (
				AFF756E318413ED50095C4A9 /* PBXTargetDependency */,
			);
			name = RLKnobDemoTests;
			productName = RLKnobDemoTests;
			productReference = AFF756DD18413ED50095C4A9 /* RLKnobDemoTests.xctest */;
			productType = "com.apple.product-type.bundle.unit-test";
		};
/* End PBXNativeTarget section */

/* Begin PBXProject section */
		AFF756B418413ED50095C4A9 /* Project object */ = {
			isa = PBXProject;
			attributes = {
				LastUpgradeCheck = 0500;
				ORGANIZATIONNAME = Redlake;
				TargetAttributes = {
					AFF756DC18413ED50095C4A9 = {
						TestTargetID = AFF756BB18413ED50095C4A9;
					};
				};
			};
			buildConfigurationList = AFF756B718413ED50095C4A9 /* Build configuration list for PBXProject "RLKnobDemo" */;
			compatibilityVersion = "Xcode 3.2";
			developmentRegion = English;
			hasScannedForEncodings = 0;
			knownRegions = (
				en,
				Base,
			);
			mainGroup = AFF756B318413ED50095C4A9;
			productRefGroup = AFF756BD18413ED50095C4A9 /* Products */;
			projectDirPath = "";
			projectRoot = "";
			targets = (
				AFF756BB18413ED50095C4A9 /* RLKnobDemo */,
				AFF756DC18413ED50095C4A9 /* RLKnobDemoTests */,
			);
		};
/* End PBXProject section */

/* Begin PBXResourcesBuildPhase section */
		AFF756BA18413ED50095C4A9 /* Resources */ = {
			isa = PBXResourcesBuildPhase;
			buildActionMask = 2147483647;
			files = (
				AFF756D818413ED50095C4A9 /* Images.xcassets in Resources */,
				AFF756CA18413ED50095C4A9 /* InfoPlist.strings in Resources */,
				AFF756D318413ED50095C4A9 /* Main.storyboard in Resources */,
			);
			runOnlyForDeploymentPostprocessing = 0;
		};
		AFF756DB18413ED50095C4A9 /* Resources */ = {
			isa = PBXResourcesBuildPhase;
			buildActionMask = 2147483647;
			files = (
				AFF756E918413ED50095C4A9 /* InfoPlist.strings in Resources */,
			);
			runOnlyForDeploymentPostprocessing = 0;
		};
/* End PBXResourcesBuildPhase section */

/* Begin PBXSourcesBuildPhase section */
		AFF756B818413ED50095C4A9 /* Sources */ = {
			isa = PBXSourcesBuildPhase;
			buildActionMask = 2147483647;
			files = (
				AFF756D618413ED50095C4A9 /* ViewController.m in Sources */,
				AFF756D018413ED50095C4A9 /* AppDelegate.m in Sources */,
				AFF756CC18413ED50095C4A9 /* main.m in Sources */,
			);
			runOnlyForDeploymentPostprocessing = 0;
		};
		AFF756D918413ED50095C4A9 /* Sources */ = {
			isa = PBXSourcesBuildPhase;
			buildActionMask = 2147483647;
			files = (
				AFF756EB18413ED50095C4A9 /* RLKnobDemoTests.m in Sources */,
			);
			runOnlyForDeploymentPostprocessing = 0;
		};
/* End PBXSourcesBuildPhase section */

/* Begin PBXTargetDependency section */
		AFF756E318413ED50095C4A9 /* PBXTargetDependency */ = {
			isa = PBXTargetDependency;
			target = AFF756BB18413ED50095C4A9 /* RLKnobDemo */;
			targetProxy = AFF756E218413ED50095C4A9 /* PBXContainerItemProxy */;
		};
/* End PBXTargetDependency section */

/* Begin PBXVariantGroup section */
		AFF756C818413ED50095C4A9 /* InfoPlist.strings */ = {
			isa = PBXVariantGroup;
			children = (
				AFF756C918413ED50095C4A9 /* en */,
			);
			name = InfoPlist.strings;
			sourceTree = "<group>";
		};
		AFF756D118413ED50095C4A9 /* Main.storyboard */ = {
			isa = PBXVariantGroup;
			children = (
				AFF756D218413ED50095C4A9 /* Base */,
			);
			name = Main.storyboard;
			sourceTree = "<group>";
		};
		AFF756E718413ED50095C4A9 /* InfoPlist.strings */ = {
			isa = PBXVariantGroup;
			children = (
				AFF756E818413ED50095C4A9 /* en */,
			);
			name = InfoPlist.strings;
			sourceTree = "<group>";
		};
/* End PBXVariantGroup section */

/* Begin XCBuildConfiguration section */
		AFF756EC18413ED50095C4A9 /* Debug */ = {
			isa = XCBuildConfiguration;
			buildSettings = {
				ALWAYS_SEARCH_USER_PATHS = NO;
				ARCHS = "$(ARCHS_STANDARD_INCLUDING_64_BIT)";
				CLANG_CXX_LANGUAGE_STANDARD = "gnu++0x";
				CLANG_CXX_LIBRARY = "libc++";
				CLANG_ENABLE_MODULES = YES;
				CLANG_ENABLE_OBJC_ARC = YES;
				CLANG_WARN_BOOL_CONVERSION = YES;
				CLANG_WARN_CONSTANT_CONVERSION = YES;
				CLANG_WARN_DIRECT_OBJC_ISA_USAGE = YES_ERROR;
				CLANG_WARN_EMPTY_BODY = YES;
				CLANG_WARN_ENUM_CONVERSION = YES;
				CLANG_WARN_INT_CONVERSION = YES;
				CLANG_WARN_OBJC_ROOT_CLASS = YES_ERROR;
				CLANG_WARN__DUPLICATE_METHOD_MATCH = YES;
				"CODE_SIGN_IDENTITY[sdk=iphoneos*]" = "iPhone Developer";
				COPY_PHASE_STRIP = NO;
				GCC_C_LANGUAGE_STANDARD = gnu99;
				GCC_DYNAMIC_NO_PIC = NO;
				GCC_OPTIMIZATION_LEVEL = 0;
				GCC_PREPROCESSOR_DEFINITIONS = (
					"DEBUG=1",
					"$(inherited)",
				);
				GCC_SYMBOLS_PRIVATE_EXTERN = NO;
				GCC_WARN_64_TO_32_BIT_CONVERSION = YES;
				GCC_WARN_ABOUT_RETURN_TYPE = YES_ERROR;
				GCC_WARN_UNDECLARED_SELECTOR = YES;
				GCC_WARN_UNINITIALIZED_AUTOS = YES;
				GCC_WARN_UNUSED_FUNCTION = YES;
				GCC_WARN_UNUSED_VARIABLE = YES;
				IPHONEOS_DEPLOYMENT_TARGET = 7.0;
				ONLY_ACTIVE_ARCH = YES;
				SDKROOT = iphoneos;
			};
			name = Debug;
		};
		AFF756ED18413ED50095C4A9 /* Release */ = {
			isa = XCBuildConfiguration;
			buildSettings = {
				ALWAYS_SEARCH_USER_PATHS = NO;
				ARCHS = "$(ARCHS_STANDARD_INCLUDING_64_BIT)";
				CLANG_CXX_LANGUAGE_STANDARD = "gnu++0x";
				CLANG_CXX_LIBRARY = "libc++";
				CLANG_ENABLE_MODULES = YES;
				CLANG_ENABLE_OBJC_ARC = YES;
				CLANG_WARN_BOOL_CONVERSION = YES;
				CLANG_WARN_CONSTANT_CONVERSION = YES;
				CLANG_WARN_DIRECT_OBJC_ISA_USAGE = YES_ERROR;
				CLANG_WARN_EMPTY_BODY = YES;
				CLANG_WARN_ENUM_CONVERSION = YES;
				CLANG_WARN_INT_CONVERSION = YES;
				CLANG_WARN_OBJC_ROOT_CLASS = YES_ERROR;
				CLANG_WARN__DUPLICATE_METHOD_MATCH = YES;
				"CODE_SIGN_IDENTITY[sdk=iphoneos*]" = "iPhone Developer";
				COPY_PHASE_STRIP = YES;
				ENABLE_NS_ASSERTIONS = NO;
				GCC_C_LANGUAGE_STANDARD = gnu99;
				GCC_WARN_64_TO_32_BIT_CONVERSION = YES;
				GCC_WARN_ABOUT_RETURN_TYPE = YES_ERROR;
				GCC_WARN_UNDECLARED_SELECTOR = YES;
				GCC_WARN_UNINITIALIZED_AUTOS = YES;
				GCC_WARN_UNUSED_FUNCTION = YES;
				GCC_WARN_UNUSED_VARIABLE = YES;
				IPHONEOS_DEPLOYMENT_TARGET = 7.0;
				SDKROOT = iphoneos;
				VALIDATE_PRODUCT = YES;
			};
			name = Release;
		};
		AFF756EF18413ED50095C4A9 /* Debug */ = {
			isa = XCBuildConfiguration;
			buildSettings = {
				ASSETCATALOG_COMPILER_APPICON_NAME = AppIcon;
				ASSETCATALOG_COMPILER_LAUNCHIMAGE_NAME = LaunchImage;
				GCC_PRECOMPILE_PREFIX_HEADER = YES;
				GCC_PREFIX_HEADER = "RLKnobDemo/RLKnobDemo-Prefix.pch";
				INFOPLIST_FILE = "RLKnobDemo/RLKnobDemo-Info.plist";
				PRODUCT_NAME = "$(TARGET_NAME)";
				WRAPPER_EXTENSION = app;
			};
			name = Debug;
		};
		AFF756F018413ED50095C4A9 /* Release */ = {
			isa = XCBuildConfiguration;
			buildSettings = {
				ASSETCATALOG_COMPILER_APPICON_NAME = AppIcon;
				ASSETCATALOG_COMPILER_LAUNCHIMAGE_NAME = LaunchImage;
				GCC_PRECOMPILE_PREFIX_HEADER = YES;
				GCC_PREFIX_HEADER = "RLKnobDemo/RLKnobDemo-Prefix.pch";
				INFOPLIST_FILE = "RLKnobDemo/RLKnobDemo-Info.plist";
				PRODUCT_NAME = "$(TARGET_NAME)";
				WRAPPER_EXTENSION = app;
			};
			name = Release;
		};
		AFF756F218413ED50095C4A9 /* Debug */ = {
			isa = XCBuildConfiguration;
			buildSettings = {
				ARCHS = "$(ARCHS_STANDARD_INCLUDING_64_BIT)";
				BUNDLE_LOADER = "$(BUILT_PRODUCTS_DIR)/RLKnobDemo.app/RLKnobDemo";
				FRAMEWORK_SEARCH_PATHS = (
					"$(SDKROOT)/Developer/Library/Frameworks",
					"$(inherited)",
					"$(DEVELOPER_FRAMEWORKS_DIR)",
				);
				GCC_PRECOMPILE_PREFIX_HEADER = YES;
				GCC_PREFIX_HEADER = "RLKnobDemo/RLKnobDemo-Prefix.pch";
				GCC_PREPROCESSOR_DEFINITIONS = (
					"DEBUG=1",
					"$(inherited)",
				);
				INFOPLIST_FILE = "RLKnobDemoTests/RLKnobDemoTests-Info.plist";
				PRODUCT_NAME = "$(TARGET_NAME)";
				TEST_HOST = "$(BUNDLE_LOADER)";
				WRAPPER_EXTENSION = xctest;
			};
			name = Debug;
		};
		AFF756F318413ED50095C4A9 /* Release */ = {
			isa = XCBuildConfiguration;
			buildSettings = {
				ARCHS = "$(ARCHS_STANDARD_INCLUDING_64_BIT)";
				BUNDLE_LOADER = "$(BUILT_PRODUCTS_DIR)/RLKnobDemo.app/RLKnobDemo";
				FRAMEWORK_SEARCH_PATHS = (
					"$(SDKROOT)/Developer/Library/Frameworks",
					"$(inherited)",
					"$(DEVELOPER_FRAMEWORKS_DIR)",
				);
				GCC_PRECOMPILE_PREFIX_HEADER = YES;
				GCC_PREFIX_HEADER = "RLKnobDemo/RLKnobDemo-Prefix.pch";
				INFOPLIST_FILE = "RLKnobDemoTests/RLKnobDemoTests-Info.plist";
				PRODUCT_NAME = "$(TARGET_NAME)";
				TEST_HOST = "$(BUNDLE_LOADER)";
				WRAPPER_EXTENSION = xctest;
			};
			name = Release;
		};
/* End XCBuildConfiguration section */

/* Begin XCConfigurationList section */
		AFF756B718413ED50095C4A9 /* Build configuration list for PBXProject "RLKnobDemo" */ = {
			isa = XCConfigurationList;
			buildConfigurations = (
				AFF756EC18413ED50095C4A9 /* Debug */,
				AFF756ED18413ED50095C4A9 /* Release */,
			);
			defaultConfigurationIsVisible = 0;
			defaultConfigurationName = Release;
		};
		AFF756EE18413ED50095C4A9 /* Build configuration list for PBXNativeTarget "RLKnobDemo" */ = {
			isa = XCConfigurationList;
			buildConfigurations = (
				AFF756EF18413ED50095C4A9 /* Debug */,
				AFF756F018413ED50095C4A9 /* Release */,
			);
			defaultConfigurationIsVisible = 0;
		};
		AFF756F118413ED50095C4A9 /* Build configuration list for PBXNativeTarget "RLKnobDemoTests" */ = {
			isa = XCConfigurationList;
			buildConfigurations = (
				AFF756F218413ED50095C4A9 /* Debug */,
				AFF756F318413ED50095C4A9 /* Release */,
			);
			defaultConfigurationIsVisible = 0;
		};
/* End XCConfigurationList section */
	};
	rootObject = AFF756B418413ED50095C4A9 /* Project object */;
}
